
Microsoft Visual Studio Solution File, Format Version 12.00
# Visual Studio Version 17
VisualStudioVersion = 17.11.35312.102
MinimumVisualStudioVersion = 10.0.40219.1
Project("{9A19103F-16F7-4668-BE54-9A1E7A4F7556}") = "dotnet-auth-api", "dotnet-auth-api\dotnet-auth-api.csproj", "{701E5828-D8B2-4D99-9BBD-36BA4841F9F2}"
EndProject
Project("{9A19103F-16F7-4668-BE54-9A1E7A4F7556}") = "dotnet-auth-shared", "dotnet-auth-shared\dotnet-auth-shared.csproj", "{35FC80FD-1A36-45FA-B662-F7C8B3094D42}"
EndProject
Project("{9A19103F-16F7-4668-BE54-9A1E7A4F7556}") = "dotnet-auth-data", "dotnet-auth-data\dotnet-auth-data.csproj", "{BE07C87C-0BCE-484B-823E-543849AD67B8}"
EndProject
Global
	GlobalSection(SolutionConfigurationPlatforms) = preSolution
		Debug|Any CPU = Debug|Any CPU
		Release|Any CPU = Release|Any CPU
	EndGlobalSection
	GlobalSection(ProjectConfigurationPlatforms) = postSolution
		{701E5828-D8B2-4D99-9BBD-36BA4841F9F2}.Debug|Any CPU.ActiveCfg = Debug|Any CPU
		{701E5828-D8B2-4D99-9BBD-36BA4841F9F2}.Debug|Any CPU.Build.0 = Debug|Any CPU
		{701E5828-D8B2-4D99-9BBD-36BA4841F9F2}.Release|Any CPU.ActiveCfg = Release|Any CPU
		{701E5828-D8B2-4D99-9BBD-36BA4841F9F2}.Release|Any CPU.Build.0 = Release|Any CPU
		{35FC80FD-1A36-45FA-B662-F7C8B3094D42}.Debug|Any CPU.ActiveCfg = Debug|Any CPU
		{35FC80FD-1A36-45FA-B662-F7C8B3094D42}.Debug|Any CPU.Build.0 = Debug|Any CPU
		{35FC80FD-1A36-45FA-B662-F7C8B3094D42}.Release|Any CPU.ActiveCfg = Release|Any CPU
		{35FC80FD-1A36-45FA-B662-F7C8B3094D42}.Release|Any CPU.Build.0 = Release|Any CPU
		{BE07C87C-0BCE-484B-823E-543849AD67B8}.Debug|Any CPU.ActiveCfg = Debug|Any CPU
		{BE07C87C-0BCE-484B-823E-543849AD67B8}.Debug|Any CPU.Build.0 = Debug|Any CPU
		{BE07C87C-0BCE-484B-823E-543849AD67B8}.Release|Any CPU.ActiveCfg = Release|Any CPU
		{BE07C87C-0BCE-484B-823E-543849AD67B8}.Release|Any CPU.Build.0 = Release|Any CPU
	EndGlobalSection
	GlobalSection(SolutionProperties) = preSolution
		HideSolutionNode = FALSE
	EndGlobalSection
	GlobalSection(ExtensibilityGlobals) = postSolution
		SolutionGuid = {B6F7C0B3-7514-4A9B-BF89-1A665761DC63}
	EndGlobalSection
EndGlobal
