
Microsoft Visual Studio Solution File, Format Version 12.00
# Visual Studio Version 17
VisualStudioVersion = 17.3.32929.385
MinimumVisualStudioVersion = 10.0.40219.1
Project("{FAE04EC0-301F-11D3-BF4B-00C04F79EFBC}") = "API.FurnitureStore.API", "API.FurnitureStore.API\API.FurnitureStore.API.csproj", "{F55AAE97-99D0-4336-A234-4C06867BD90D}"
EndProject
Project("{FAE04EC0-301F-11D3-BF4B-00C04F79EFBC}") = "API.FurnitureStore.Shared", "API.FurnitureStore.Shared\API.FurnitureStore.Shared.csproj", "{A5427A57-176F-406A-A9A5-9D2D19D80070}"
EndProject
Project("{FAE04EC0-301F-11D3-BF4B-00C04F79EFBC}") = "API.FurnitureStore.Data", "API.FurnitureStore.Data\API.FurnitureStore.Data.csproj", "{4F8454F0-FBFB-419C-852D-75B9F1802D76}"
EndProject
Global
	GlobalSection(SolutionConfigurationPlatforms) = preSolution
		Debug|Any CPU = Debug|Any CPU
		Release|Any CPU = Release|Any CPU
	EndGlobalSection
	GlobalSection(ProjectConfigurationPlatforms) = postSolution
		{F55AAE97-99D0-4336-A234-4C06867BD90D}.Debug|Any CPU.ActiveCfg = Debug|Any CPU
		{F55AAE97-99D0-4336-A234-4C06867BD90D}.Debug|Any CPU.Build.0 = Debug|Any CPU
		{F55AAE97-99D0-4336-A234-4C06867BD90D}.Release|Any CPU.ActiveCfg = Release|Any CPU
		{F55AAE97-99D0-4336-A234-4C06867BD90D}.Release|Any CPU.Build.0 = Release|Any CPU
		{A5427A57-176F-406A-A9A5-9D2D19D80070}.Debug|Any CPU.ActiveCfg = Debug|Any CPU
		{A5427A57-176F-406A-A9A5-9D2D19D80070}.Debug|Any CPU.Build.0 = Debug|Any CPU
		{A5427A57-176F-406A-A9A5-9D2D19D80070}.Release|Any CPU.ActiveCfg = Release|Any CPU
		{A5427A57-176F-406A-A9A5-9D2D19D80070}.Release|Any CPU.Build.0 = Release|Any CPU
		{4F8454F0-FBFB-419C-852D-75B9F1802D76}.Debug|Any CPU.ActiveCfg = Debug|Any CPU
		{4F8454F0-FBFB-419C-852D-75B9F1802D76}.Debug|Any CPU.Build.0 = Debug|Any CPU
		{4F8454F0-FBFB-419C-852D-75B9F1802D76}.Release|Any CPU.ActiveCfg = Release|Any CPU
		{4F8454F0-FBFB-419C-852D-75B9F1802D76}.Release|Any CPU.Build.0 = Release|Any CPU
	EndGlobalSection
	GlobalSection(SolutionProperties) = preSolution
		HideSolutionNode = FALSE
	EndGlobalSection
	GlobalSection(ExtensibilityGlobals) = postSolution
		SolutionGuid = {A1094F55-A1CE-4EE7-BD73-1EF9D315B560}
	EndGlobalSection
EndGlobal
