Microsoft Visual Studio Solution File, Format Version 12.00
# Visual Studio Version 17
VisualStudioVersion = 17.5.2.0
MinimumVisualStudioVersion = 10.0.40219.1
Project("{FAE04EC0-301F-11D3-BF4B-00C04F79EFBC}") = "csharp-api-ecommerce", "csharp-api-ecommerce.csproj", "{2DD13A05-2BA0-C401-0769-BEBA87A0C4CE}"
EndProject
Global
	GlobalSection(SolutionConfigurationPlatforms) = preSolution
		Debug|Any CPU = Debug|Any CPU
		Release|Any CPU = Release|Any CPU
	EndGlobalSection
	GlobalSection(ProjectConfigurationPlatforms) = postSolution
		{2DD13A05-2BA0-C401-0769-BEBA87A0C4CE}.Debug|Any CPU.ActiveCfg = Debug|Any CPU
		{2DD13A05-2BA0-C401-0769-BEBA87A0C4CE}.Debug|Any CPU.Build.0 = Debug|Any CPU
		{2DD13A05-2BA0-C401-0769-BEBA87A0C4CE}.Release|Any CPU.ActiveCfg = Release|Any CPU
		{2DD13A05-2BA0-C401-0769-BEBA87A0C4CE}.Release|Any CPU.Build.0 = Release|Any CPU
	EndGlobalSection
	GlobalSection(SolutionProperties) = preSolution
		HideSolutionNode = FALSE
	EndGlobalSection
	GlobalSection(ExtensibilityGlobals) = postSolution
		SolutionGuid = {0B03A1D6-A4F2-4378-9836-51AB2AF969CF}
	EndGlobalSection
EndGlobal
